
Microsoft Visual Studio Solution File, Format Version 12.00
# Visual Studio Version 17
VisualStudioVersion = 17.2.32630.192
MinimumVisualStudioVersion = 10.0.40219.1
Project("{2150E333-8FDC-42A3-9474-1A3956D46DE8}") = "Solution Items", "Solution Items", "{C4563C88-9C80-4BD0-949E-AA64F111957E}"
	ProjectSection(SolutionItems) = preProject
		README.md = README.md
	EndProjectSection
EndProject
Project("{2150E333-8FDC-42A3-9474-1A3956D46DE8}") = "nuget", "nuget", "{8FE1844F-26A4-47BE-9507-F0333D42FABE}"
	ProjectSection(SolutionItems) = preProject
		nuget\myget.bat = nuget\myget.bat
		nuget\nuget.bat = nuget\nuget.bat
		nuget.config = nuget.config
		nuget\Transformalize.Provider.Solr.Autofac.nuspec = nuget\Transformalize.Provider.Solr.Autofac.nuspec
		nuget\Transformalize.Provider.Solr.nuspec = nuget\Transformalize.Provider.Solr.nuspec
	EndProjectSection
EndProject
Project("{9A19103F-16F7-4668-BE54-9A1E7A4F7556}") = "Solr.Standard.20", "src\Solr.Standard.20\Solr.Standard.20.csproj", "{9228C332-2B03-4DED-8AA4-81BD4ED6B785}"
EndProject
Project("{FAE04EC0-301F-11D3-BF4B-00C04F79EFBC}") = "Solr.Autofac.Standard.20", "src\Solr.Autofac.Standard.20\Solr.Autofac.Standard.20.csproj", "{347F81F6-9831-469B-81C0-0D5511127E51}"
EndProject
Project("{FAE04EC0-301F-11D3-BF4B-00C04F79EFBC}") = "Test.Integration", "src\Test.Integration\Test.Integration.csproj", "{009C0199-3CDB-4339-843A-CE26332B2271}"
EndProject
Global
	GlobalSection(SolutionConfigurationPlatforms) = preSolution
		Debug|Any CPU = Debug|Any CPU
		Release|Any CPU = Release|Any CPU
	EndGlobalSection
	GlobalSection(ProjectConfigurationPlatforms) = postSolution
		{9228C332-2B03-4DED-8AA4-81BD4ED6B785}.Debug|Any CPU.ActiveCfg = Debug|Any CPU
		{9228C332-2B03-4DED-8AA4-81BD4ED6B785}.Debug|Any CPU.Build.0 = Debug|Any CPU
		{9228C332-2B03-4DED-8AA4-81BD4ED6B785}.Release|Any CPU.ActiveCfg = Release|Any CPU
		{9228C332-2B03-4DED-8AA4-81BD4ED6B785}.Release|Any CPU.Build.0 = Release|Any CPU
		{347F81F6-9831-469B-81C0-0D5511127E51}.Debug|Any CPU.ActiveCfg = Debug|Any CPU
		{347F81F6-9831-469B-81C0-0D5511127E51}.Debug|Any CPU.Build.0 = Debug|Any CPU
		{347F81F6-9831-469B-81C0-0D5511127E51}.Release|Any CPU.ActiveCfg = Release|Any CPU
		{347F81F6-9831-469B-81C0-0D5511127E51}.Release|Any CPU.Build.0 = Release|Any CPU
		{009C0199-3CDB-4339-843A-CE26332B2271}.Debug|Any CPU.ActiveCfg = Debug|Any CPU
		{009C0199-3CDB-4339-843A-CE26332B2271}.Debug|Any CPU.Build.0 = Debug|Any CPU
		{009C0199-3CDB-4339-843A-CE26332B2271}.Release|Any CPU.ActiveCfg = Release|Any CPU
		{009C0199-3CDB-4339-843A-CE26332B2271}.Release|Any CPU.Build.0 = Release|Any CPU
	EndGlobalSection
	GlobalSection(SolutionProperties) = preSolution
		HideSolutionNode = FALSE
	EndGlobalSection
	GlobalSection(NestedProjects) = preSolution
		{8FE1844F-26A4-47BE-9507-F0333D42FABE} = {C4563C88-9C80-4BD0-949E-AA64F111957E}
	EndGlobalSection
	GlobalSection(ExtensibilityGlobals) = postSolution
		SolutionGuid = {960FC2FA-8CAD-47A3-8A4E-4173AE406E71}
	EndGlobalSection
EndGlobal
